// !$*UTF8*$!
{
	archiveVersion = 1;
	classes = {
	};
	objectVersion = 56;
	objects = {

/* Begin PBXBuildFile section */
		C0762C15F7EF98D33A2C8EB3 /* Pods_Ctavki.framework in Frameworks */ = {isa = PBXBuildFile; fileRef = F2B47A64B643F89A0D415439 /* Pods_Ctavki.framework */; };
		F2040C612B8C9D4700DE01CE /* MainCoordinator.swift in Sources */ = {isa = PBXBuildFile; fileRef = F2040C602B8C9D4700DE01CE /* MainCoordinator.swift */; };
		F2041A322B91D05C00DA42BB /* Repository.swift in Sources */ = {isa = PBXBuildFile; fileRef = F2041A312B91D05C00DA42BB /* Repository.swift */; };
		F2041A342B92335800DA42BB /* SyncService.swift in Sources */ = {isa = PBXBuildFile; fileRef = F2041A332B92335800DA42BB /* SyncService.swift */; };
		F2045F2B2BA732E700EA6A65 /* ForecastVController.storyboard in Resources */ = {isa = PBXBuildFile; fileRef = F2045F2A2BA732E700EA6A65 /* ForecastVController.storyboard */; };
		F2045F2D2BA7330300EA6A65 /* ForecastVController.swift in Sources */ = {isa = PBXBuildFile; fileRef = F2045F2C2BA7330300EA6A65 /* ForecastVController.swift */; };
		F2045F2F2BA7772700EA6A65 /* ForecastViewModel.swift in Sources */ = {isa = PBXBuildFile; fileRef = F2045F2E2BA7772700EA6A65 /* ForecastViewModel.swift */; };
		F2045F312BA778B700EA6A65 /* ForecastService.swift in Sources */ = {isa = PBXBuildFile; fileRef = F2045F302BA778B700EA6A65 /* ForecastService.swift */; };
		F2045F332BA7953400EA6A65 /* UIActivityIndicatorView.swift in Sources */ = {isa = PBXBuildFile; fileRef = F2045F322BA7953400EA6A65 /* UIActivityIndicatorView.swift */; };
		F20704832B87A33800DD6364 /* Localizable.strings in Resources */ = {isa = PBXBuildFile; fileRef = F20704852B87A33800DD6364 /* Localizable.strings */; };
		F209FBEF2BB576BD0043BCE2 /* GoogleAnaliticsService.swift in Sources */ = {isa = PBXBuildFile; fileRef = F209FBEE2BB576BD0043BCE2 /* GoogleAnaliticsService.swift */; };
		F2218ACB2BA2FCD200C53C46 /* SignInVController.swift in Sources */ = {isa = PBXBuildFile; fileRef = F2218ACA2BA2FCD200C53C46 /* SignInVController.swift */; };
		F2218ACD2BA2FCF500C53C46 /* SignInVController.storyboard in Resources */ = {isa = PBXBuildFile; fileRef = F2218ACC2BA2FCF500C53C46 /* SignInVController.storyboard */; };
		F2218ACF2BA3244E00C53C46 /* AccountService.swift in Sources */ = {isa = PBXBuildFile; fileRef = F2218ACE2BA3244E00C53C46 /* AccountService.swift */; };
		F2218AD12BA3632C00C53C46 /* SignInOutResponseEntity.swift in Sources */ = {isa = PBXBuildFile; fileRef = F2218AD02BA3632C00C53C46 /* SignInOutResponseEntity.swift */; };
		F2218AD32BA3657500C53C46 /* Account.swift in Sources */ = {isa = PBXBuildFile; fileRef = F2218AD22BA3657500C53C46 /* Account.swift */; };
		F226F9FA2B9B8D0200F9D391 /* UITableView.swift in Sources */ = {isa = PBXBuildFile; fileRef = F226F9F92B9B8D0200F9D391 /* UITableView.swift */; };
		F226F9FD2B9B943900F9D391 /* BetSectionHeaderView.xib in Resources */ = {isa = PBXBuildFile; fileRef = F226F9FC2B9B943900F9D391 /* BetSectionHeaderView.xib */; };
		F226FA052B9C75AE00F9D391 /* FaqViewModel.swift in Sources */ = {isa = PBXBuildFile; fileRef = F226FA042B9C75AE00F9D391 /* FaqViewModel.swift */; };
		F226FA072B9C76DA00F9D391 /* FaqService.swift in Sources */ = {isa = PBXBuildFile; fileRef = F226FA062B9C76DA00F9D391 /* FaqService.swift */; };
		F226FA0A2B9CA0E200F9D391 /* FaqView.xib in Resources */ = {isa = PBXBuildFile; fileRef = F226FA092B9CA0E200F9D391 /* FaqView.xib */; };
		F226FA0C2B9CA14A00F9D391 /* FaqView.swift in Sources */ = {isa = PBXBuildFile; fileRef = F226FA0B2B9CA14A00F9D391 /* FaqView.swift */; };
		F226FA0E2B9CC6A500F9D391 /* UIStackView.swift in Sources */ = {isa = PBXBuildFile; fileRef = F226FA0D2B9CC6A500F9D391 /* UIStackView.swift */; };
		F22CE0942B87B87400732FFB /* AppCoordinator.swift in Sources */ = {isa = PBXBuildFile; fileRef = F22CE0932B87B87400732FFB /* AppCoordinator.swift */; };
		F22CE09C2B87BEDA00732FFB /* PicksVController.swift in Sources */ = {isa = PBXBuildFile; fileRef = F22CE09B2B87BEDA00732FFB /* PicksVController.swift */; };
		F22CE09E2B87C53700732FFB /* TeamsVController.swift in Sources */ = {isa = PBXBuildFile; fileRef = F22CE09D2B87C53700732FFB /* TeamsVController.swift */; };
		F22CE0A02B87C5AF00732FFB /* PurchesVController.swift in Sources */ = {isa = PBXBuildFile; fileRef = F22CE09F2B87C5AF00732FFB /* PurchesVController.swift */; };
		F22CE0A22B87C5F900732FFB /* FaqVController.swift in Sources */ = {isa = PBXBuildFile; fileRef = F22CE0A12B87C5F900732FFB /* FaqVController.swift */; };
		F22CE0A72B87D3C100732FFB /* MenuButton.swift in Sources */ = {isa = PBXBuildFile; fileRef = F22CE0A62B87D3C100732FFB /* MenuButton.swift */; };
		F22CE0A92B87DBB100732FFB /* ToolBarView.swift in Sources */ = {isa = PBXBuildFile; fileRef = F22CE0A82B87DBB100732FFB /* ToolBarView.swift */; };
		F22CE0AF2B889B8500732FFB /* UIView.swift in Sources */ = {isa = PBXBuildFile; fileRef = F22CE0AE2B889B8500732FFB /* UIView.swift */; };
		F22CE0B12B88BC6E00732FFB /* PicksFactory.swift in Sources */ = {isa = PBXBuildFile; fileRef = F22CE0B02B88BC6E00732FFB /* PicksFactory.swift */; };
		F22CE0B32B88BE4D00732FFB /* VCFactory.swift in Sources */ = {isa = PBXBuildFile; fileRef = F22CE0B22B88BE4D00732FFB /* VCFactory.swift */; };
		F22CE0B52B88C20900732FFB /* TeamsFactory.swift in Sources */ = {isa = PBXBuildFile; fileRef = F22CE0B42B88C20900732FFB /* TeamsFactory.swift */; };
		F22CE0B72B88C28100732FFB /* PurchesFactory.swift in Sources */ = {isa = PBXBuildFile; fileRef = F22CE0B62B88C28100732FFB /* PurchesFactory.swift */; };
		F22CE0B92B88C2FD00732FFB /* FaqFactory.swift in Sources */ = {isa = PBXBuildFile; fileRef = F22CE0B82B88C2FD00732FFB /* FaqFactory.swift */; };
		F22CE0BC2B88F0D200732FFB /* TourGuidVController.swift in Sources */ = {isa = PBXBuildFile; fileRef = F22CE0BB2B88F0D200732FFB /* TourGuidVController.swift */; };
		F2300A3D2BCE849E000F7E1F /* PrivacyInfo.xcprivacy in Resources */ = {isa = PBXBuildFile; fileRef = F2FD39132BC6B33F0083F610 /* PrivacyInfo.xcprivacy */; };
		F2300A3E2BCE84BF000F7E1F /* Info.plist in Resources */ = {isa = PBXBuildFile; fileRef = F2FC034B2B86780B001C6BB3 /* Info.plist */; };
		F24C769A2BA07E7800FE7836 /* LaunchScreen.storyboard in Resources */ = {isa = PBXBuildFile; fileRef = F24C769B2BA07E7800FE7836 /* LaunchScreen.storyboard */; };
		F251D6392B974EBD009ABC86 /* BetView.swift in Sources */ = {isa = PBXBuildFile; fileRef = F251D6382B974EBD009ABC86 /* BetView.swift */; };
		F251D63B2B977389009ABC86 /* BetSectionHeaderView.swift in Sources */ = {isa = PBXBuildFile; fileRef = F251D63A2B977389009ABC86 /* BetSectionHeaderView.swift */; };
		F2684E112BA61E6E00AB0FBF /* R.generated.swift in Sources */ = {isa = PBXBuildFile; fileRef = F2684E102BA61E6E00AB0FBF /* R.generated.swift */; };
		F2840BEF2BADC4E300F2F84E /* StoreKit.framework in Frameworks */ = {isa = PBXBuildFile; fileRef = F2840BEE2BADC4E300F2F84E /* StoreKit.framework */; };
		F2888DCC2B9B61DD007F62F2 /* BetResultHeaderView.xib in Resources */ = {isa = PBXBuildFile; fileRef = F2888DCB2B9B61DD007F62F2 /* BetResultHeaderView.xib */; };
		F2888DCE2B9B624C007F62F2 /* BetResultHeaderView.swift in Sources */ = {isa = PBXBuildFile; fileRef = F2888DCD2B9B624C007F62F2 /* BetResultHeaderView.swift */; };
		F291F1342B95F96C00BB8E58 /* NavigationTopBarView.swift in Sources */ = {isa = PBXBuildFile; fileRef = F291F1332B95F96C00BB8E58 /* NavigationTopBarView.swift */; };
		F291F1362B96250D00BB8E58 /* FeaureVController.swift in Sources */ = {isa = PBXBuildFile; fileRef = F291F1352B96250D00BB8E58 /* FeaureVController.swift */; };
		F291F1382B96355B00BB8E58 /* BetsService.swift in Sources */ = {isa = PBXBuildFile; fileRef = F291F1372B96355B00BB8E58 /* BetsService.swift */; };
		F291F13C2B9654CD00BB8E58 /* BetsCell.swift in Sources */ = {isa = PBXBuildFile; fileRef = F291F13A2B9654CD00BB8E58 /* BetsCell.swift */; };
		F291F13D2B9654CD00BB8E58 /* BetsCell.xib in Resources */ = {isa = PBXBuildFile; fileRef = F291F13B2B9654CD00BB8E58 /* BetsCell.xib */; };
		F2973D052B9EEC2F003612E1 /* HistoryVController.swift in Sources */ = {isa = PBXBuildFile; fileRef = F2973D032B9EEC2F003612E1 /* HistoryVController.swift */; };
		F2973D082B9EF96A003612E1 /* HistoryService.swift in Sources */ = {isa = PBXBuildFile; fileRef = F2973D072B9EF96A003612E1 /* HistoryService.swift */; };
		F2973D0A2B9F2B43003612E1 /* HistoryVController.storyboard in Resources */ = {isa = PBXBuildFile; fileRef = F2973D092B9F2B43003612E1 /* HistoryVController.storyboard */; };
		F2973D122B9F4811003612E1 /* TeamView.swift in Sources */ = {isa = PBXBuildFile; fileRef = F2973D112B9F4811003612E1 /* TeamView.swift */; };
		F2973D162B9F5284003612E1 /* TeamsRowView.swift in Sources */ = {isa = PBXBuildFile; fileRef = F2973D152B9F5284003612E1 /* TeamsRowView.swift */; };
		F2973D242B9F7D45003612E1 /* TeamsService.swift in Sources */ = {isa = PBXBuildFile; fileRef = F2973D232B9F7D45003612E1 /* TeamsService.swift */; };
		F2A016322B9E49CD00B532C1 /* TeamsView.swift in Sources */ = {isa = PBXBuildFile; fileRef = F2A016312B9E49CD00B532C1 /* TeamsView.swift */; };
		F2A0163A2B9E6A1700B532C1 /* NoActivebetsCell.swift in Sources */ = {isa = PBXBuildFile; fileRef = F2A016382B9E6A1700B532C1 /* NoActivebetsCell.swift */; };
		F2A0163B2B9E6A1700B532C1 /* NoActiveBetsCell.xib in Resources */ = {isa = PBXBuildFile; fileRef = F2A016392B9E6A1700B532C1 /* NoActiveBetsCell.xib */; };
		F2A03FE42B98E9FA00494CD0 /* Localizable.stringsdict in Resources */ = {isa = PBXBuildFile; fileRef = F2A03FE62B98E9FA00494CD0 /* Localizable.stringsdict */; };
		F2AF45612BBEF15100D5EBCA /* ForecastPageVController.swift in Sources */ = {isa = PBXBuildFile; fileRef = F2AF45602BBEF15100D5EBCA /* ForecastPageVController.swift */; };
		F2AF45632BBF043500D5EBCA /* ForecastPageVController.storyboard in Resources */ = {isa = PBXBuildFile; fileRef = F2AF45622BBF043500D5EBCA /* ForecastPageVController.storyboard */; };
		F2AF45652BBF2DD300D5EBCA /* UIPageViewController.swift in Sources */ = {isa = PBXBuildFile; fileRef = F2AF45642BBF2DD300D5EBCA /* UIPageViewController.swift */; };
		F2C051342BAADDB00056FB75 /* IAPService.swift in Sources */ = {isa = PBXBuildFile; fileRef = F2C051332BAADDB00056FB75 /* IAPService.swift */; };
		F2DBFAEF2B8F7D7B00FC5069 /* Bet.swift in Sources */ = {isa = PBXBuildFile; fileRef = F2DBFAEE2B8F7D7B00FC5069 /* Bet.swift */; };
		F2DF9CAA2BA86B5900898F4E /* Sequence.swift in Sources */ = {isa = PBXBuildFile; fileRef = F2DF9CA92BA86B5900898F4E /* Sequence.swift */; };
		F2DF9CAC2BA899BA00898F4E /* GoogleService-Info.plist in Resources */ = {isa = PBXBuildFile; fileRef = F2DF9CAB2BA899B900898F4E /* GoogleService-Info.plist */; };
		F2DF9CAE2BA9C2F600898F4E /* PurchesService.swift in Sources */ = {isa = PBXBuildFile; fileRef = F2DF9CAD2BA9C2F600898F4E /* PurchesService.swift */; };
		F2DF9CB32BA9D8C600898F4E /* DonateCell.swift in Sources */ = {isa = PBXBuildFile; fileRef = F2DF9CB12BA9D8C600898F4E /* DonateCell.swift */; };
		F2DF9CB42BA9D8C600898F4E /* DonateCell.xib in Resources */ = {isa = PBXBuildFile; fileRef = F2DF9CB22BA9D8C600898F4E /* DonateCell.xib */; };
		F2DF9CC62BAA08D000898F4E /* SKProduct.swift in Sources */ = {isa = PBXBuildFile; fileRef = F2DF9CC52BAA08D000898F4E /* SKProduct.swift */; };
		F2EA78C82B908DA6006B3A1C /* BetType.swift in Sources */ = {isa = PBXBuildFile; fileRef = F2EA78C72B908DA6006B3A1C /* BetType.swift */; };
		F2EA78CA2B908ED2006B3A1C /* Team.swift in Sources */ = {isa = PBXBuildFile; fileRef = F2EA78C92B908ED2006B3A1C /* Team.swift */; };
		F2EA78CC2B909122006B3A1C /* Faq.swift in Sources */ = {isa = PBXBuildFile; fileRef = F2EA78CB2B909122006B3A1C /* Faq.swift */; };
		F2EA78CE2B90935D006B3A1C /* String.swift in Sources */ = {isa = PBXBuildFile; fileRef = F2EA78CD2B90935D006B3A1C /* String.swift */; };
		F2EA78D02B90941D006B3A1C /* ApiResponseData.swift in Sources */ = {isa = PBXBuildFile; fileRef = F2EA78CF2B90941D006B3A1C /* ApiResponseData.swift */; };
		F2EA78D22B90ABD2006B3A1C /* NetProvider.swift in Sources */ = {isa = PBXBuildFile; fileRef = F2EA78D12B90ABD2006B3A1C /* NetProvider.swift */; };
		F2EA78D52B90B60E006B3A1C /* BetOutcome.swift in Sources */ = {isa = PBXBuildFile; fileRef = F2EA78D42B90B60E006B3A1C /* BetOutcome.swift */; };
		F2EA78D72B90B97D006B3A1C /* AppUpdateAvailable.swift in Sources */ = {isa = PBXBuildFile; fileRef = F2EA78D62B90B97D006B3A1C /* AppUpdateAvailable.swift */; };
		F2EA78D92B90C8B0006B3A1C /* ApiRequest.swift in Sources */ = {isa = PBXBuildFile; fileRef = F2EA78D82B90C8B0006B3A1C /* ApiRequest.swift */; };
		F2EA78DC2B90CA29006B3A1C /* AppSettings.swift in Sources */ = {isa = PBXBuildFile; fileRef = F2EA78DB2B90CA29006B3A1C /* AppSettings.swift */; };
		F2EA78DE2B910013006B3A1C /* JSONWrapHelpers.swift in Sources */ = {isa = PBXBuildFile; fileRef = F2EA78DD2B910013006B3A1C /* JSONWrapHelpers.swift */; };
		F2EA78E02B9103F5006B3A1C /* ValueTypeExt.swift in Sources */ = {isa = PBXBuildFile; fileRef = F2EA78DF2B9103F5006B3A1C /* ValueTypeExt.swift */; };
		F2EB1A322B9A11040027D782 /* BetDetailsVController.swift in Sources */ = {isa = PBXBuildFile; fileRef = F2EB1A302B9A11040027D782 /* BetDetailsVController.swift */; };
		F2EB1A352B9A11520027D782 /* UIViewController.swift in Sources */ = {isa = PBXBuildFile; fileRef = F2EB1A342B9A11520027D782 /* UIViewController.swift */; };
		F2EB1A372B9A2E9C0027D782 /* BetDetailsVController.storyboard in Resources */ = {isa = PBXBuildFile; fileRef = F2EB1A362B9A2E9C0027D782 /* BetDetailsVController.storyboard */; };
		F2F9B4EA2BB2FE520087B333 /* PushService.swift in Sources */ = {isa = PBXBuildFile; fileRef = F2F9B4E92BB2FE510087B333 /* PushService.swift */; };
		F2FC033E2B867809001C6BB3 /* AppDelegate.swift in Sources */ = {isa = PBXBuildFile; fileRef = F2FC033D2B867809001C6BB3 /* AppDelegate.swift */; };
		F2FC03422B867809001C6BB3 /* MainVController.swift in Sources */ = {isa = PBXBuildFile; fileRef = F2FC03412B867809001C6BB3 /* MainVController.swift */; };
		F2FC03472B86780B001C6BB3 /* Assets.xcassets in Resources */ = {isa = PBXBuildFile; fileRef = F2FC03462B86780B001C6BB3 /* Assets.xcassets */; };
		F2FD39122BC683AE0083F610 /* SecureStorage.swift in Sources */ = {isa = PBXBuildFile; fileRef = F2FD39112BC683AE0083F610 /* SecureStorage.swift */; };
/* End PBXBuildFile section */

/* Begin PBXFileReference section */
		29006E9B4812ADFD1289B7FF /* Pods-Ctavki.release.xcconfig */ = {isa = PBXFileReference; includeInIndex = 1; lastKnownFileType = text.xcconfig; name = "Pods-Ctavki.release.xcconfig"; path = "Target Support Files/Pods-Ctavki/Pods-Ctavki.release.xcconfig"; sourceTree = "<group>"; };
		57EB93648591D4F6970B396F /* Pods-App.release.xcconfig */ = {isa = PBXFileReference; includeInIndex = 1; lastKnownFileType = text.xcconfig; name = "Pods-App.release.xcconfig"; path = "Target Support Files/Pods-App/Pods-App.release.xcconfig"; sourceTree = "<group>"; };
		AE27349C0530710519C5E702 /* Pods-App.debug.xcconfig */ = {isa = PBXFileReference; includeInIndex = 1; lastKnownFileType = text.xcconfig; name = "Pods-App.debug.xcconfig"; path = "Target Support Files/Pods-App/Pods-App.debug.xcconfig"; sourceTree = "<group>"; };
		C5DFF97B211BE18E1EAA5C25 /* Pods-Ctavki.debug.xcconfig */ = {isa = PBXFileReference; includeInIndex = 1; lastKnownFileType = text.xcconfig; name = "Pods-Ctavki.debug.xcconfig"; path = "Target Support Files/Pods-Ctavki/Pods-Ctavki.debug.xcconfig"; sourceTree = "<group>"; };
		F2040C602B8C9D4700DE01CE /* MainCoordinator.swift */ = {isa = PBXFileReference; lastKnownFileType = sourcecode.swift; path = MainCoordinator.swift; sourceTree = "<group>"; };
		F2041A312B91D05C00DA42BB /* Repository.swift */ = {isa = PBXFileReference; lastKnownFileType = sourcecode.swift; path = Repository.swift; sourceTree = "<group>"; };
		F2041A332B92335800DA42BB /* SyncService.swift */ = {isa = PBXFileReference; lastKnownFileType = sourcecode.swift; path = SyncService.swift; sourceTree = "<group>"; };
		F2045F2A2BA732E700EA6A65 /* ForecastVController.storyboard */ = {isa = PBXFileReference; lastKnownFileType = file.storyboard; path = ForecastVController.storyboard; sourceTree = "<group>"; };
		F2045F2C2BA7330300EA6A65 /* ForecastVController.swift */ = {isa = PBXFileReference; lastKnownFileType = sourcecode.swift; path = ForecastVController.swift; sourceTree = "<group>"; };
		F2045F2E2BA7772700EA6A65 /* ForecastViewModel.swift */ = {isa = PBXFileReference; lastKnownFileType = sourcecode.swift; path = ForecastViewModel.swift; sourceTree = "<group>"; };
		F2045F302BA778B700EA6A65 /* ForecastService.swift */ = {isa = PBXFileReference; lastKnownFileType = sourcecode.swift; path = ForecastService.swift; sourceTree = "<group>"; };
		F2045F322BA7953400EA6A65 /* UIActivityIndicatorView.swift */ = {isa = PBXFileReference; lastKnownFileType = sourcecode.swift; path = UIActivityIndicatorView.swift; sourceTree = "<group>"; };
		F20704842B87A33800DD6364 /* en */ = {isa = PBXFileReference; lastKnownFileType = text.plist.strings; name = en; path = en.lproj/Localizable.strings; sourceTree = "<group>"; };
		F20704862B87A33A00DD6364 /* ru */ = {isa = PBXFileReference; lastKnownFileType = text.plist.strings; name = ru; path = ru.lproj/Localizable.strings; sourceTree = "<group>"; };
		F209FBEE2BB576BD0043BCE2 /* GoogleAnaliticsService.swift */ = {isa = PBXFileReference; lastKnownFileType = sourcecode.swift; path = GoogleAnaliticsService.swift; sourceTree = "<group>"; };
		F2218ACA2BA2FCD200C53C46 /* SignInVController.swift */ = {isa = PBXFileReference; lastKnownFileType = sourcecode.swift; path = SignInVController.swift; sourceTree = "<group>"; };
		F2218ACC2BA2FCF500C53C46 /* SignInVController.storyboard */ = {isa = PBXFileReference; lastKnownFileType = file.storyboard; path = SignInVController.storyboard; sourceTree = "<group>"; };
		F2218ACE2BA3244E00C53C46 /* AccountService.swift */ = {isa = PBXFileReference; lastKnownFileType = sourcecode.swift; path = AccountService.swift; sourceTree = "<group>"; };
		F2218AD02BA3632C00C53C46 /* SignInOutResponseEntity.swift */ = {isa = PBXFileReference; lastKnownFileType = sourcecode.swift; path = SignInOutResponseEntity.swift; sourceTree = "<group>"; };
		F2218AD22BA3657500C53C46 /* Account.swift */ = {isa = PBXFileReference; lastKnownFileType = sourcecode.swift; path = Account.swift; sourceTree = "<group>"; };
		F226F9F92B9B8D0200F9D391 /* UITableView.swift */ = {isa = PBXFileReference; lastKnownFileType = sourcecode.swift; path = UITableView.swift; sourceTree = "<group>"; };
		F226F9FC2B9B943900F9D391 /* BetSectionHeaderView.xib */ = {isa = PBXFileReference; lastKnownFileType = file.xib; path = BetSectionHeaderView.xib; sourceTree = "<group>"; };
		F226FA042B9C75AE00F9D391 /* FaqViewModel.swift */ = {isa = PBXFileReference; lastKnownFileType = sourcecode.swift; path = FaqViewModel.swift; sourceTree = "<group>"; };
		F226FA062B9C76DA00F9D391 /* FaqService.swift */ = {isa = PBXFileReference; lastKnownFileType = sourcecode.swift; path = FaqService.swift; sourceTree = "<group>"; };
		F226FA092B9CA0E200F9D391 /* FaqView.xib */ = {isa = PBXFileReference; lastKnownFileType = file.xib; path = FaqView.xib; sourceTree = "<group>"; };
		F226FA0B2B9CA14A00F9D391 /* FaqView.swift */ = {isa = PBXFileReference; lastKnownFileType = sourcecode.swift; path = FaqView.swift; sourceTree = "<group>"; };
		F226FA0D2B9CC6A500F9D391 /* UIStackView.swift */ = {isa = PBXFileReference; lastKnownFileType = sourcecode.swift; path = UIStackView.swift; sourceTree = "<group>"; };
		F22CE0932B87B87400732FFB /* AppCoordinator.swift */ = {isa = PBXFileReference; lastKnownFileType = sourcecode.swift; path = AppCoordinator.swift; sourceTree = "<group>"; };
		F22CE09B2B87BEDA00732FFB /* PicksVController.swift */ = {isa = PBXFileReference; lastKnownFileType = sourcecode.swift; path = PicksVController.swift; sourceTree = "<group>"; };
		F22CE09D2B87C53700732FFB /* TeamsVController.swift */ = {isa = PBXFileReference; lastKnownFileType = sourcecode.swift; path = TeamsVController.swift; sourceTree = "<group>"; };
		F22CE09F2B87C5AF00732FFB /* PurchesVController.swift */ = {isa = PBXFileReference; lastKnownFileType = sourcecode.swift; path = PurchesVController.swift; sourceTree = "<group>"; };
		F22CE0A12B87C5F900732FFB /* FaqVController.swift */ = {isa = PBXFileReference; lastKnownFileType = sourcecode.swift; path = FaqVController.swift; sourceTree = "<group>"; };
		F22CE0A62B87D3C100732FFB /* MenuButton.swift */ = {isa = PBXFileReference; lastKnownFileType = sourcecode.swift; path = MenuButton.swift; sourceTree = "<group>"; };
		F22CE0A82B87DBB100732FFB /* ToolBarView.swift */ = {isa = PBXFileReference; lastKnownFileType = sourcecode.swift; path = ToolBarView.swift; sourceTree = "<group>"; };
		F22CE0AE2B889B8500732FFB /* UIView.swift */ = {isa = PBXFileReference; lastKnownFileType = sourcecode.swift; path = UIView.swift; sourceTree = "<group>"; };
		F22CE0B02B88BC6E00732FFB /* PicksFactory.swift */ = {isa = PBXFileReference; lastKnownFileType = sourcecode.swift; path = PicksFactory.swift; sourceTree = "<group>"; };
		F22CE0B22B88BE4D00732FFB /* VCFactory.swift */ = {isa = PBXFileReference; lastKnownFileType = sourcecode.swift; path = VCFactory.swift; sourceTree = "<group>"; };
		F22CE0B42B88C20900732FFB /* TeamsFactory.swift */ = {isa = PBXFileReference; lastKnownFileType = sourcecode.swift; path = TeamsFactory.swift; sourceTree = "<group>"; };
		F22CE0B62B88C28100732FFB /* PurchesFactory.swift */ = {isa = PBXFileReference; lastKnownFileType = sourcecode.swift; path = PurchesFactory.swift; sourceTree = "<group>"; };
		F22CE0B82B88C2FD00732FFB /* FaqFactory.swift */ = {isa = PBXFileReference; lastKnownFileType = sourcecode.swift; path = FaqFactory.swift; sourceTree = "<group>"; };
		F22CE0BB2B88F0D200732FFB /* TourGuidVController.swift */ = {isa = PBXFileReference; lastKnownFileType = sourcecode.swift; path = TourGuidVController.swift; sourceTree = "<group>"; };
		F24C769B2BA07E7800FE7836 /* LaunchScreen.storyboard */ = {isa = PBXFileReference; lastKnownFileType = file.storyboard; path = LaunchScreen.storyboard; sourceTree = "<group>"; };
		F251D6382B974EBD009ABC86 /* BetView.swift */ = {isa = PBXFileReference; lastKnownFileType = sourcecode.swift; path = BetView.swift; sourceTree = "<group>"; };
		F251D63A2B977389009ABC86 /* BetSectionHeaderView.swift */ = {isa = PBXFileReference; lastKnownFileType = sourcecode.swift; path = BetSectionHeaderView.swift; sourceTree = "<group>"; };
		F252FA552BA099A200DD3241 /* uk */ = {isa = PBXFileReference; lastKnownFileType = text.plist.strings; name = uk; path = uk.lproj/Localizable.strings; sourceTree = "<group>"; };
		F252FA562BA099A300DD3241 /* uk */ = {isa = PBXFileReference; lastKnownFileType = text.plist.stringsdict; name = uk; path = uk.lproj/Localizable.stringsdict; sourceTree = "<group>"; };
		F2684E102BA61E6E00AB0FBF /* R.generated.swift */ = {isa = PBXFileReference; fileEncoding = 4; lastKnownFileType = sourcecode.swift; name = R.generated.swift; path = Ctavki/R.generated.swift; sourceTree = SOURCE_ROOT; };
		F2684E122BA634E300AB0FBF /* Ctavki.entitlements */ = {isa = PBXFileReference; lastKnownFileType = text.plist.entitlements; name = Ctavki.entitlements; path = Ctavki/Ctavki.entitlements; sourceTree = "<group>"; };
		F2840BEE2BADC4E300F2F84E /* StoreKit.framework */ = {isa = PBXFileReference; lastKnownFileType = wrapper.framework; name = StoreKit.framework; path = System/Library/Frameworks/StoreKit.framework; sourceTree = SDKROOT; };
		F2888DCB2B9B61DD007F62F2 /* BetResultHeaderView.xib */ = {isa = PBXFileReference; lastKnownFileType = file.xib; path = BetResultHeaderView.xib; sourceTree = "<group>"; };
		F2888DCD2B9B624C007F62F2 /* BetResultHeaderView.swift */ = {isa = PBXFileReference; lastKnownFileType = sourcecode.swift; path = BetResultHeaderView.swift; sourceTree = "<group>"; };
		F291F1332B95F96C00BB8E58 /* NavigationTopBarView.swift */ = {isa = PBXFileReference; lastKnownFileType = sourcecode.swift; path = NavigationTopBarView.swift; sourceTree = "<group>"; };
		F291F1352B96250D00BB8E58 /* FeaureVController.swift */ = {isa = PBXFileReference; lastKnownFileType = sourcecode.swift; path = FeaureVController.swift; sourceTree = "<group>"; };
		F291F1372B96355B00BB8E58 /* BetsService.swift */ = {isa = PBXFileReference; lastKnownFileType = sourcecode.swift; path = BetsService.swift; sourceTree = "<group>"; };
		F291F13A2B9654CD00BB8E58 /* BetsCell.swift */ = {isa = PBXFileReference; lastKnownFileType = sourcecode.swift; path = BetsCell.swift; sourceTree = "<group>"; };
		F291F13B2B9654CD00BB8E58 /* BetsCell.xib */ = {isa = PBXFileReference; lastKnownFileType = file.xib; path = BetsCell.xib; sourceTree = "<group>"; };
		F2973D032B9EEC2F003612E1 /* HistoryVController.swift */ = {isa = PBXFileReference; lastKnownFileType = sourcecode.swift; path = HistoryVController.swift; sourceTree = "<group>"; };
		F2973D072B9EF96A003612E1 /* HistoryService.swift */ = {isa = PBXFileReference; lastKnownFileType = sourcecode.swift; path = HistoryService.swift; sourceTree = "<group>"; };
		F2973D092B9F2B43003612E1 /* HistoryVController.storyboard */ = {isa = PBXFileReference; lastKnownFileType = file.storyboard; path = HistoryVController.storyboard; sourceTree = "<group>"; };
		F2973D112B9F4811003612E1 /* TeamView.swift */ = {isa = PBXFileReference; lastKnownFileType = sourcecode.swift; path = TeamView.swift; sourceTree = "<group>"; };
		F2973D152B9F5284003612E1 /* TeamsRowView.swift */ = {isa = PBXFileReference; lastKnownFileType = sourcecode.swift; path = TeamsRowView.swift; sourceTree = "<group>"; };
		F2973D232B9F7D45003612E1 /* TeamsService.swift */ = {isa = PBXFileReference; lastKnownFileType = sourcecode.swift; path = TeamsService.swift; sourceTree = "<group>"; };
		F2A016312B9E49CD00B532C1 /* TeamsView.swift */ = {isa = PBXFileReference; lastKnownFileType = sourcecode.swift; path = TeamsView.swift; sourceTree = "<group>"; };
		F2A016382B9E6A1700B532C1 /* NoActivebetsCell.swift */ = {isa = PBXFileReference; lastKnownFileType = sourcecode.swift; path = NoActivebetsCell.swift; sourceTree = "<group>"; };
		F2A016392B9E6A1700B532C1 /* NoActiveBetsCell.xib */ = {isa = PBXFileReference; lastKnownFileType = file.xib; path = NoActiveBetsCell.xib; sourceTree = "<group>"; };
		F2A03FE52B98E9FA00494CD0 /* en */ = {isa = PBXFileReference; lastKnownFileType = text.plist.stringsdict; name = en; path = en.lproj/Localizable.stringsdict; sourceTree = "<group>"; };
		F2A03FE72B98E9FC00494CD0 /* ru */ = {isa = PBXFileReference; lastKnownFileType = text.plist.stringsdict; name = ru; path = ru.lproj/Localizable.stringsdict; sourceTree = "<group>"; };
		F2AF45602BBEF15100D5EBCA /* ForecastPageVController.swift */ = {isa = PBXFileReference; lastKnownFileType = sourcecode.swift; path = ForecastPageVController.swift; sourceTree = "<group>"; };
		F2AF45622BBF043500D5EBCA /* ForecastPageVController.storyboard */ = {isa = PBXFileReference; lastKnownFileType = file.storyboard; path = ForecastPageVController.storyboard; sourceTree = "<group>"; };
		F2AF45642BBF2DD300D5EBCA /* UIPageViewController.swift */ = {isa = PBXFileReference; lastKnownFileType = sourcecode.swift; path = UIPageViewController.swift; sourceTree = "<group>"; };
		F2AF45662BC1825700D5EBCA /* be */ = {isa = PBXFileReference; lastKnownFileType = text.plist.strings; name = be; path = be.lproj/Localizable.strings; sourceTree = "<group>"; };
		F2AF45672BC1825700D5EBCA /* be */ = {isa = PBXFileReference; lastKnownFileType = text.plist.stringsdict; name = be; path = be.lproj/Localizable.stringsdict; sourceTree = "<group>"; };
		F2AF45682BC182B800D5EBCA /* kk */ = {isa = PBXFileReference; lastKnownFileType = text.plist.strings; name = kk; path = kk.lproj/Localizable.strings; sourceTree = "<group>"; };
		F2AF45692BC182B800D5EBCA /* kk */ = {isa = PBXFileReference; lastKnownFileType = text.plist.stringsdict; name = kk; path = kk.lproj/Localizable.stringsdict; sourceTree = "<group>"; };
		F2AF456A2BC1831100D5EBCA /* ky */ = {isa = PBXFileReference; lastKnownFileType = text.plist.strings; name = ky; path = ky.lproj/Localizable.strings; sourceTree = "<group>"; };
		F2AF456B2BC1831100D5EBCA /* ky */ = {isa = PBXFileReference; lastKnownFileType = text.plist.stringsdict; name = ky; path = ky.lproj/Localizable.stringsdict; sourceTree = "<group>"; };
		F2AF456C2BC186D300D5EBCA /* ka */ = {isa = PBXFileReference; lastKnownFileType = text.plist.strings; name = ka; path = ka.lproj/Localizable.strings; sourceTree = "<group>"; };
		F2AF456D2BC186D300D5EBCA /* ka */ = {isa = PBXFileReference; lastKnownFileType = text.plist.stringsdict; name = ka; path = ka.lproj/Localizable.stringsdict; sourceTree = "<group>"; };
		F2B47A64B643F89A0D415439 /* Pods_Ctavki.framework */ = {isa = PBXFileReference; explicitFileType = wrapper.framework; includeInIndex = 0; path = Pods_Ctavki.framework; sourceTree = BUILT_PRODUCTS_DIR; };
		F2C051322BAAD62D0056FB75 /* Donates.storekit */ = {isa = PBXFileReference; lastKnownFileType = text; path = Donates.storekit; sourceTree = "<group>"; };
		F2C051332BAADDB00056FB75 /* IAPService.swift */ = {isa = PBXFileReference; lastKnownFileType = sourcecode.swift; path = IAPService.swift; sourceTree = "<group>"; };
		F2DBFAEE2B8F7D7B00FC5069 /* Bet.swift */ = {isa = PBXFileReference; lastKnownFileType = sourcecode.swift; path = Bet.swift; sourceTree = "<group>"; };
		F2DF9CA92BA86B5900898F4E /* Sequence.swift */ = {isa = PBXFileReference; lastKnownFileType = sourcecode.swift; path = Sequence.swift; sourceTree = "<group>"; };
		F2DF9CAB2BA899B900898F4E /* GoogleService-Info.plist */ = {isa = PBXFileReference; fileEncoding = 4; lastKnownFileType = text.plist.xml; path = "GoogleService-Info.plist"; sourceTree = "<group>"; };
		F2DF9CAD2BA9C2F600898F4E /* PurchesService.swift */ = {isa = PBXFileReference; lastKnownFileType = sourcecode.swift; path = PurchesService.swift; sourceTree = "<group>"; };
		F2DF9CB12BA9D8C600898F4E /* DonateCell.swift */ = {isa = PBXFileReference; lastKnownFileType = sourcecode.swift; path = DonateCell.swift; sourceTree = "<group>"; };
		F2DF9CB22BA9D8C600898F4E /* DonateCell.xib */ = {isa = PBXFileReference; lastKnownFileType = file.xib; path = DonateCell.xib; sourceTree = "<group>"; };
		F2DF9CC52BAA08D000898F4E /* SKProduct.swift */ = {isa = PBXFileReference; fileEncoding = 4; lastKnownFileType = sourcecode.swift; path = SKProduct.swift; sourceTree = "<group>"; };
		F2EA78C72B908DA6006B3A1C /* BetType.swift */ = {isa = PBXFileReference; lastKnownFileType = sourcecode.swift; path = BetType.swift; sourceTree = "<group>"; };
		F2EA78C92B908ED2006B3A1C /* Team.swift */ = {isa = PBXFileReference; lastKnownFileType = sourcecode.swift; path = Team.swift; sourceTree = "<group>"; };
		F2EA78CB2B909122006B3A1C /* Faq.swift */ = {isa = PBXFileReference; lastKnownFileType = sourcecode.swift; path = Faq.swift; sourceTree = "<group>"; };
		F2EA78CD2B90935D006B3A1C /* String.swift */ = {isa = PBXFileReference; lastKnownFileType = sourcecode.swift; path = String.swift; sourceTree = "<group>"; };
		F2EA78CF2B90941D006B3A1C /* ApiResponseData.swift */ = {isa = PBXFileReference; lastKnownFileType = sourcecode.swift; path = ApiResponseData.swift; sourceTree = "<group>"; };
		F2EA78D12B90ABD2006B3A1C /* NetProvider.swift */ = {isa = PBXFileReference; lastKnownFileType = sourcecode.swift; path = NetProvider.swift; sourceTree = "<group>"; };
		F2EA78D42B90B60E006B3A1C /* BetOutcome.swift */ = {isa = PBXFileReference; lastKnownFileType = sourcecode.swift; path = BetOutcome.swift; sourceTree = "<group>"; };
		F2EA78D62B90B97D006B3A1C /* AppUpdateAvailable.swift */ = {isa = PBXFileReference; lastKnownFileType = sourcecode.swift; path = AppUpdateAvailable.swift; sourceTree = "<group>"; };
		F2EA78D82B90C8B0006B3A1C /* ApiRequest.swift */ = {isa = PBXFileReference; lastKnownFileType = sourcecode.swift; path = ApiRequest.swift; sourceTree = "<group>"; };
		F2EA78DB2B90CA29006B3A1C /* AppSettings.swift */ = {isa = PBXFileReference; lastKnownFileType = sourcecode.swift; path = AppSettings.swift; sourceTree = "<group>"; };
		F2EA78DD2B910013006B3A1C /* JSONWrapHelpers.swift */ = {isa = PBXFileReference; lastKnownFileType = sourcecode.swift; path = JSONWrapHelpers.swift; sourceTree = "<group>"; };
		F2EA78DF2B9103F5006B3A1C /* ValueTypeExt.swift */ = {isa = PBXFileReference; lastKnownFileType = sourcecode.swift; path = ValueTypeExt.swift; sourceTree = "<group>"; };
		F2EB1A302B9A11040027D782 /* BetDetailsVController.swift */ = {isa = PBXFileReference; lastKnownFileType = sourcecode.swift; path = BetDetailsVController.swift; sourceTree = "<group>"; };
		F2EB1A342B9A11520027D782 /* UIViewController.swift */ = {isa = PBXFileReference; lastKnownFileType = sourcecode.swift; path = UIViewController.swift; sourceTree = "<group>"; };
		F2EB1A362B9A2E9C0027D782 /* BetDetailsVController.storyboard */ = {isa = PBXFileReference; lastKnownFileType = file.storyboard; path = BetDetailsVController.storyboard; sourceTree = "<group>"; };
		F2F186C72B87754F00FBDD22 /* Utilites.framework */ = {isa = PBXFileReference; explicitFileType = wrapper.framework; path = Utilites.framework; sourceTree = BUILT_PRODUCTS_DIR; };
		F2F9B4E92BB2FE510087B333 /* PushService.swift */ = {isa = PBXFileReference; lastKnownFileType = sourcecode.swift; path = PushService.swift; sourceTree = "<group>"; };
		F2FC033A2B867809001C6BB3 /* Ctavki.app */ = {isa = PBXFileReference; explicitFileType = wrapper.application; includeInIndex = 0; path = Ctavki.app; sourceTree = BUILT_PRODUCTS_DIR; };
		F2FC033D2B867809001C6BB3 /* AppDelegate.swift */ = {isa = PBXFileReference; lastKnownFileType = sourcecode.swift; path = AppDelegate.swift; sourceTree = "<group>"; };
		F2FC03412B867809001C6BB3 /* MainVController.swift */ = {isa = PBXFileReference; lastKnownFileType = sourcecode.swift; path = MainVController.swift; sourceTree = "<group>"; };
		F2FC03462B86780B001C6BB3 /* Assets.xcassets */ = {isa = PBXFileReference; lastKnownFileType = folder.assetcatalog; path = Assets.xcassets; sourceTree = "<group>"; };
		F2FC034B2B86780B001C6BB3 /* Info.plist */ = {isa = PBXFileReference; lastKnownFileType = text.plist.xml; path = Info.plist; sourceTree = "<group>"; };
		F2FD39112BC683AE0083F610 /* SecureStorage.swift */ = {isa = PBXFileReference; lastKnownFileType = sourcecode.swift; path = SecureStorage.swift; sourceTree = "<group>"; };
		F2FD39132BC6B33F0083F610 /* PrivacyInfo.xcprivacy */ = {isa = PBXFileReference; lastKnownFileType = text.xml; path = PrivacyInfo.xcprivacy; sourceTree = "<group>"; };
/* End PBXFileReference section */

/* Begin PBXFrameworksBuildPhase section */
		F2FC03372B867809001C6BB3 /* Frameworks */ = {
			isa = PBXFrameworksBuildPhase;
			buildActionMask = 2147483647;
			files = (
				C0762C15F7EF98D33A2C8EB3 /* Pods_Ctavki.framework in Frameworks */,
				F2840BEF2BADC4E300F2F84E /* StoreKit.framework in Frameworks */,
			);
			runOnlyForDeploymentPostprocessing = 0;
		};
/* End PBXFrameworksBuildPhase section */

/* Begin PBXGroup section */
		B1BE5B54A99FDD5DB51BFB5C /* Frameworks */ = {
			isa = PBXGroup;
			children = (
				F2840BEE2BADC4E300F2F84E /* StoreKit.framework */,
				F2F186C72B87754F00FBDD22 /* Utilites.framework */,
				F2B47A64B643F89A0D415439 /* Pods_Ctavki.framework */,
			);
			name = Frameworks;
			sourceTree = "<group>";
		};
		CD81B43A8B857018CA350756 /* Pods */ = {
			isa = PBXGroup;
			children = (
				AE27349C0530710519C5E702 /* Pods-App.debug.xcconfig */,
				57EB93648591D4F6970B396F /* Pods-App.release.xcconfig */,
				C5DFF97B211BE18E1EAA5C25 /* Pods-Ctavki.debug.xcconfig */,
				29006E9B4812ADFD1289B7FF /* Pods-Ctavki.release.xcconfig */,
			);
			name = Pods;
			path = ../Deps/Pods;
			sourceTree = "<group>";
		};
		F2041A302B91D04400DA42BB /* DB */ = {
			isa = PBXGroup;
			children = (
				F2041A312B91D05C00DA42BB /* Repository.swift */,
				F2FD39112BC683AE0083F610 /* SecureStorage.swift */,
			);
			path = DB;
			sourceTree = "<group>";
		};
		F2045F292BA732BF00EA6A65 /* Forecast */ = {
			isa = PBXGroup;
			children = (
				F2045F2A2BA732E700EA6A65 /* ForecastVController.storyboard */,
				F2045F2C2BA7330300EA6A65 /* ForecastVController.swift */,
				F2045F2E2BA7772700EA6A65 /* ForecastViewModel.swift */,
				F2045F302BA778B700EA6A65 /* ForecastService.swift */,
				F2AF45602BBEF15100D5EBCA /* ForecastPageVController.swift */,
				F2AF45622BBF043500D5EBCA /* ForecastPageVController.storyboard */,
			);
			path = Forecast;
			sourceTree = "<group>";
		};
		F207046F2B878B8C00DD6364 /* Utilites */ = {
			isa = PBXGroup;
			children = (
				F2041A302B91D04400DA42BB /* DB */,
				F2EA78D32B90ACD3006B3A1C /* Net */,
				F22CE0932B87B87400732FFB /* AppCoordinator.swift */,
				F22CE0B22B88BE4D00732FFB /* VCFactory.swift */,
				F2EA78DB2B90CA29006B3A1C /* AppSettings.swift */,
			);
			path = Utilites;
			sourceTree = "<group>";
		};
		F20704702B878BAF00DD6364 /* Services */ = {
			isa = PBXGroup;
			children = (
				F209FBEE2BB576BD0043BCE2 /* GoogleAnaliticsService.swift */,
				F2DF9CB52BA9F49900898F4E /* IAP */,
				F2041A332B92335800DA42BB /* SyncService.swift */,
				F2218ACE2BA3244E00C53C46 /* AccountService.swift */,
				F2F9B4E92BB2FE510087B333 /* PushService.swift */,
			);
			path = Services;
			sourceTree = "<group>";
		};
		F2218AC92BA2FC9500C53C46 /* SignIn */ = {
			isa = PBXGroup;
			children = (
				F2218ACA2BA2FCD200C53C46 /* SignInVController.swift */,
				F2218ACC2BA2FCF500C53C46 /* SignInVController.storyboard */,
			);
			path = SignIn;
			sourceTree = "<group>";
		};
		F226F9FB2B9B93F900F9D391 /* BetSectionHeader */ = {
			isa = PBXGroup;
			children = (
				F251D63A2B977389009ABC86 /* BetSectionHeaderView.swift */,
				F226F9FC2B9B943900F9D391 /* BetSectionHeaderView.xib */,
			);
			path = BetSectionHeader;
			sourceTree = "<group>";
		};
		F226F9FE2B9C6B5000F9D391 /* UI */ = {
			isa = PBXGroup;
			children = (
				F226FA082B9CA0C800F9D391 /* FaqView */,
			);
			path = UI;
			sourceTree = "<group>";
		};
		F226FA082B9CA0C800F9D391 /* FaqView */ = {
			isa = PBXGroup;
			children = (
				F226FA092B9CA0E200F9D391 /* FaqView.xib */,
				F226FA0B2B9CA14A00F9D391 /* FaqView.swift */,
			);
			path = FaqView;
			sourceTree = "<group>";
		};
		F22CE0952B87B91D00732FFB /* Features */ = {
			isa = PBXGroup;
			children = (
				F2045F292BA732BF00EA6A65 /* Forecast */,
				F2218AC92BA2FC9500C53C46 /* SignIn */,
				F2973D022B9EEBCC003612E1 /* History */,
				F2EB1A2F2B99D84F0027D782 /* BetDetails */,
				F22CE0BA2B88F07900732FFB /* ToureGuid */,
				F22CE09A2B87BEA100732FFB /* FAQ */,
				F22CE0992B87BE8700732FFB /* Purches */,
				F22CE0982B87BE7900732FFB /* Teams */,
				F22CE0972B87BE6B00732FFB /* Picks */,
				F22CE0962B87BA4900732FFB /* Main */,
			);
			path = Features;
			sourceTree = "<group>";
		};
		F22CE0962B87BA4900732FFB /* Main */ = {
			isa = PBXGroup;
			children = (
				F2FC03412B867809001C6BB3 /* MainVController.swift */,
				F2040C602B8C9D4700DE01CE /* MainCoordinator.swift */,
			);
			path = Main;
			sourceTree = "<group>";
		};
		F22CE0972B87BE6B00732FFB /* Picks */ = {
			isa = PBXGroup;
			children = (
				F2888DCF2B9B643F007F62F2 /* UI */,
				F22CE09B2B87BEDA00732FFB /* PicksVController.swift */,
				F22CE0B02B88BC6E00732FFB /* PicksFactory.swift */,
				F291F1372B96355B00BB8E58 /* BetsService.swift */,
			);
			path = Picks;
			sourceTree = "<group>";
		};
		F22CE0982B87BE7900732FFB /* Teams */ = {
			isa = PBXGroup;
			children = (
				F2A0162D2B9E494700B532C1 /* UI */,
				F22CE09D2B87C53700732FFB /* TeamsVController.swift */,
				F2973D232B9F7D45003612E1 /* TeamsService.swift */,
				F22CE0B42B88C20900732FFB /* TeamsFactory.swift */,
			);
			path = Teams;
			sourceTree = "<group>";
		};
		F22CE0992B87BE8700732FFB /* Purches */ = {
			isa = PBXGroup;
			children = (
				F2DF9CAF2BA9D88D00898F4E /* UI */,
				F22CE09F2B87C5AF00732FFB /* PurchesVController.swift */,
				F22CE0B62B88C28100732FFB /* PurchesFactory.swift */,
				F2DF9CAD2BA9C2F600898F4E /* PurchesService.swift */,
			);
			path = Purches;
			sourceTree = "<group>";
		};
		F22CE09A2B87BEA100732FFB /* FAQ */ = {
			isa = PBXGroup;
			children = (
				F226F9FE2B9C6B5000F9D391 /* UI */,
				F22CE0A12B87C5F900732FFB /* FaqVController.swift */,
				F22CE0B82B88C2FD00732FFB /* FaqFactory.swift */,
				F226FA042B9C75AE00F9D391 /* FaqViewModel.swift */,
				F226FA062B9C76DA00F9D391 /* FaqService.swift */,
			);
			path = FAQ;
			sourceTree = "<group>";
		};
		F22CE0A52B87D1CE00732FFB /* UIComponents */ = {
			isa = PBXGroup;
			children = (
				F291F1392B96549600BB8E58 /* Cells */,
				F22CE0AD2B889B5D00732FFB /* Controls */,
				F291F1352B96250D00BB8E58 /* FeaureVController.swift */,
			);
			path = UIComponents;
			sourceTree = "<group>";
		};
		F22CE0AC2B889B4A00732FFB /* Extensions */ = {
			isa = PBXGroup;
			children = (
				F22CE0AE2B889B8500732FFB /* UIView.swift */,
				F2EA78CD2B90935D006B3A1C /* String.swift */,
				F2EA78DF2B9103F5006B3A1C /* ValueTypeExt.swift */,
				F2EB1A342B9A11520027D782 /* UIViewController.swift */,
				F226F9F92B9B8D0200F9D391 /* UITableView.swift */,
				F226FA0D2B9CC6A500F9D391 /* UIStackView.swift */,
				F2045F322BA7953400EA6A65 /* UIActivityIndicatorView.swift */,
				F2DF9CA92BA86B5900898F4E /* Sequence.swift */,
				F2AF45642BBF2DD300D5EBCA /* UIPageViewController.swift */,
			);
			path = Extensions;
			sourceTree = "<group>";
		};
		F22CE0AD2B889B5D00732FFB /* Controls */ = {
			isa = PBXGroup;
			children = (
				F251D6382B974EBD009ABC86 /* BetView.swift */,
				F22CE0A62B87D3C100732FFB /* MenuButton.swift */,
				F22CE0A82B87DBB100732FFB /* ToolBarView.swift */,
				F291F1332B95F96C00BB8E58 /* NavigationTopBarView.swift */,
			);
			path = Controls;
			sourceTree = "<group>";
		};
		F22CE0BA2B88F07900732FFB /* ToureGuid */ = {
			isa = PBXGroup;
			children = (
				F22CE0BB2B88F0D200732FFB /* TourGuidVController.swift */,
			);
			path = ToureGuid;
			sourceTree = "<group>";
		};
		F2888DCF2B9B643F007F62F2 /* UI */ = {
			isa = PBXGroup;
			children = (
				F2A016332B9E5E8000B532C1 /* NoActiveBets */,
				F226F9FB2B9B93F900F9D391 /* BetSectionHeader */,
				F2888DD02B9B647A007F62F2 /* BetResultHeader */,
			);
			path = UI;
			sourceTree = "<group>";
		};
		F2888DD02B9B647A007F62F2 /* BetResultHeader */ = {
			isa = PBXGroup;
			children = (
				F2888DCB2B9B61DD007F62F2 /* BetResultHeaderView.xib */,
				F2888DCD2B9B624C007F62F2 /* BetResultHeaderView.swift */,
			);
			path = BetResultHeader;
			sourceTree = "<group>";
		};
		F291F1392B96549600BB8E58 /* Cells */ = {
			isa = PBXGroup;
			children = (
				F2FD39102BC556DE0083F610 /* Bets */,
			);
			path = Cells;
			sourceTree = "<group>";
		};
		F2973D022B9EEBCC003612E1 /* History */ = {
			isa = PBXGroup;
			children = (
				F2973D032B9EEC2F003612E1 /* HistoryVController.swift */,
				F2973D072B9EF96A003612E1 /* HistoryService.swift */,
				F2973D092B9F2B43003612E1 /* HistoryVController.storyboard */,
			);
			path = History;
			sourceTree = "<group>";
		};
		F2A0162D2B9E494700B532C1 /* UI */ = {
			isa = PBXGroup;
			children = (
				F2973D112B9F4811003612E1 /* TeamView.swift */,
				F2973D152B9F5284003612E1 /* TeamsRowView.swift */,
				F2A016312B9E49CD00B532C1 /* TeamsView.swift */,
			);
			path = UI;
			sourceTree = "<group>";
		};
		F2A016332B9E5E8000B532C1 /* NoActiveBets */ = {
			isa = PBXGroup;
			children = (
				F2A016382B9E6A1700B532C1 /* NoActivebetsCell.swift */,
				F2A016392B9E6A1700B532C1 /* NoActiveBetsCell.xib */,
			);
			path = NoActiveBets;
			sourceTree = "<group>";
		};
		F2DBFAEB2B8F7B6200FC5069 /* Data */ = {
			isa = PBXGroup;
			children = (
				F2DBFAEC2B8F7B6F00FC5069 /* Models */,
			);
			path = Data;
			sourceTree = "<group>";
		};
		F2DBFAEC2B8F7B6F00FC5069 /* Models */ = {
			isa = PBXGroup;
			children = (
				F2DBFAEE2B8F7D7B00FC5069 /* Bet.swift */,
				F2EA78C72B908DA6006B3A1C /* BetType.swift */,
				F2EA78C92B908ED2006B3A1C /* Team.swift */,
				F2EA78CB2B909122006B3A1C /* Faq.swift */,
				F2EA78CF2B90941D006B3A1C /* ApiResponseData.swift */,
				F2EA78D42B90B60E006B3A1C /* BetOutcome.swift */,
				F2EA78D62B90B97D006B3A1C /* AppUpdateAvailable.swift */,
				F2EA78DD2B910013006B3A1C /* JSONWrapHelpers.swift */,
				F2218AD02BA3632C00C53C46 /* SignInOutResponseEntity.swift */,
				F2218AD22BA3657500C53C46 /* Account.swift */,
			);
			path = Models;
			sourceTree = "<group>";
		};
		F2DF9CAF2BA9D88D00898F4E /* UI */ = {
			isa = PBXGroup;
			children = (
				F2DF9CB02BA9D89600898F4E /* DonateCell */,
			);
			path = UI;
			sourceTree = "<group>";
		};
		F2DF9CB02BA9D89600898F4E /* DonateCell */ = {
			isa = PBXGroup;
			children = (
				F2DF9CB12BA9D8C600898F4E /* DonateCell.swift */,
				F2DF9CB22BA9D8C600898F4E /* DonateCell.xib */,
			);
			path = DonateCell;
			sourceTree = "<group>";
		};
		F2DF9CB52BA9F49900898F4E /* IAP */ = {
			isa = PBXGroup;
			children = (
				F2DF9CC52BAA08D000898F4E /* SKProduct.swift */,
				F2C051322BAAD62D0056FB75 /* Donates.storekit */,
				F2C051332BAADDB00056FB75 /* IAPService.swift */,
			);
			path = IAP;
			sourceTree = "<group>";
		};
		F2EA78D32B90ACD3006B3A1C /* Net */ = {
			isa = PBXGroup;
			children = (
				F2EA78D12B90ABD2006B3A1C /* NetProvider.swift */,
				F2EA78D82B90C8B0006B3A1C /* ApiRequest.swift */,
			);
			path = Net;
			sourceTree = "<group>";
		};
		F2EB1A2F2B99D84F0027D782 /* BetDetails */ = {
			isa = PBXGroup;
			children = (
				F2EB1A302B9A11040027D782 /* BetDetailsVController.swift */,
				F2EB1A362B9A2E9C0027D782 /* BetDetailsVController.storyboard */,
			);
			path = BetDetails;
			sourceTree = "<group>";
		};
		F2FC03312B867809001C6BB3 = {
			isa = PBXGroup;
			children = (
				F2684E122BA634E300AB0FBF /* Ctavki.entitlements */,
				F2FC033C2B867809001C6BB3 /* App */,
				F2FC033B2B867809001C6BB3 /* Products */,
				CD81B43A8B857018CA350756 /* Pods */,
				B1BE5B54A99FDD5DB51BFB5C /* Frameworks */,
			);
			sourceTree = "<group>";
		};
		F2FC033B2B867809001C6BB3 /* Products */ = {
			isa = PBXGroup;
			children = (
				F2FC033A2B867809001C6BB3 /* Ctavki.app */,
			);
			name = Products;
			sourceTree = "<group>";
		};
		F2FC033C2B867809001C6BB3 /* App */ = {
			isa = PBXGroup;
			children = (
				F2DF9CAB2BA899B900898F4E /* GoogleService-Info.plist */,
				F2684E102BA61E6E00AB0FBF /* R.generated.swift */,
				F22CE0AC2B889B4A00732FFB /* Extensions */,
				F2DBFAEB2B8F7B6200FC5069 /* Data */,
				F22CE0A52B87D1CE00732FFB /* UIComponents */,
				F22CE0952B87B91D00732FFB /* Features */,
				F20704702B878BAF00DD6364 /* Services */,
				F207046F2B878B8C00DD6364 /* Utilites */,
				F2FC033D2B867809001C6BB3 /* AppDelegate.swift */,
				F2FC03462B86780B001C6BB3 /* Assets.xcassets */,
				F24C769B2BA07E7800FE7836 /* LaunchScreen.storyboard */,
				F2FC034B2B86780B001C6BB3 /* Info.plist */,
				F20704852B87A33800DD6364 /* Localizable.strings */,
				F2A03FE62B98E9FA00494CD0 /* Localizable.stringsdict */,
				F2FD39132BC6B33F0083F610 /* PrivacyInfo.xcprivacy */,
			);
			path = App;
			sourceTree = "<group>";
		};
		F2FD39102BC556DE0083F610 /* Bets */ = {
			isa = PBXGroup;
			children = (
				F291F13A2B9654CD00BB8E58 /* BetsCell.swift */,
				F291F13B2B9654CD00BB8E58 /* BetsCell.xib */,
			);
			path = Bets;
			sourceTree = "<group>";
		};
/* End PBXGroup section */

/* Begin PBXNativeTarget section */
		F2FC03392B867809001C6BB3 /* Ctavki */ = {
			isa = PBXNativeTarget;
			buildConfigurationList = F2FC034E2B86780B001C6BB3 /* Build configuration list for PBXNativeTarget "Ctavki" */;
			buildPhases = (
				0DD4556E2BBB6E85067E1167 /* [CP] Check Pods Manifest.lock */,
				F207047E2B87A00C00DD6364 /* Run Script R.Swift */,
				F2FC03362B867809001C6BB3 /* Sources */,
				F2FC03372B867809001C6BB3 /* Frameworks */,
				F2FC03382B867809001C6BB3 /* Resources */,
				C2FCCA0B51641698B92B18DC /* [CP] Embed Pods Frameworks */,
			);
			buildRules = (
			);
			dependencies = (
			);
			name = Ctavki;
			productName = App;
			productReference = F2FC033A2B867809001C6BB3 /* Ctavki.app */;
			productType = "com.apple.product-type.application";
		};
/* End PBXNativeTarget section */

/* Begin PBXProject section */
		F2FC03322B867809001C6BB3 /* Project object */ = {
			isa = PBXProject;
			attributes = {
				BuildIndependentTargetsInParallel = 1;
				LastSwiftUpdateCheck = 1520;
				LastUpgradeCheck = 1520;
				TargetAttributes = {
					F2FC03392B867809001C6BB3 = {
						CreatedOnToolsVersion = 15.2;
					};
				};
			};
			buildConfigurationList = F2FC03352B867809001C6BB3 /* Build configuration list for PBXProject "Ctavki" */;
			compatibilityVersion = "Xcode 14.0";
			developmentRegion = en;
			hasScannedForEncodings = 0;
			knownRegions = (
				en,
				Base,
				ru,
				uk,
				be,
				kk,
				ky,
				ka,
			);
			mainGroup = F2FC03312B867809001C6BB3;
			productRefGroup = F2FC033B2B867809001C6BB3 /* Products */;
			projectDirPath = "";
			projectRoot = "";
			targets = (
				F2FC03392B867809001C6BB3 /* Ctavki */,
			);
		};
/* End PBXProject section */

/* Begin PBXResourcesBuildPhase section */
		F2FC03382B867809001C6BB3 /* Resources */ = {
			isa = PBXResourcesBuildPhase;
			buildActionMask = 2147483647;
			files = (
				F2045F2B2BA732E700EA6A65 /* ForecastVController.storyboard in Resources */,
				F2A0163B2B9E6A1700B532C1 /* NoActiveBetsCell.xib in Resources */,
				F2300A3E2BCE84BF000F7E1F /* Info.plist in Resources */,
				F24C769A2BA07E7800FE7836 /* LaunchScreen.storyboard in Resources */,
				F20704832B87A33800DD6364 /* Localizable.strings in Resources */,
				F2218ACD2BA2FCF500C53C46 /* SignInVController.storyboard in Resources */,
				F2FC03472B86780B001C6BB3 /* Assets.xcassets in Resources */,
				F2EB1A372B9A2E9C0027D782 /* BetDetailsVController.storyboard in Resources */,
				F2973D0A2B9F2B43003612E1 /* HistoryVController.storyboard in Resources */,
				F2300A3D2BCE849E000F7E1F /* PrivacyInfo.xcprivacy in Resources */,
				F2DF9CAC2BA899BA00898F4E /* GoogleService-Info.plist in Resources */,
				F2A03FE42B98E9FA00494CD0 /* Localizable.stringsdict in Resources */,
				F2DF9CB42BA9D8C600898F4E /* DonateCell.xib in Resources */,
				F226F9FD2B9B943900F9D391 /* BetSectionHeaderView.xib in Resources */,
				F2888DCC2B9B61DD007F62F2 /* BetResultHeaderView.xib in Resources */,
				F291F13D2B9654CD00BB8E58 /* BetsCell.xib in Resources */,
				F2AF45632BBF043500D5EBCA /* ForecastPageVController.storyboard in Resources */,
				F226FA0A2B9CA0E200F9D391 /* FaqView.xib in Resources */,
			);
			runOnlyForDeploymentPostprocessing = 0;
		};
/* End PBXResourcesBuildPhase section */

/* Begin PBXShellScriptBuildPhase section */
		0DD4556E2BBB6E85067E1167 /* [CP] Check Pods Manifest.lock */ = {
			isa = PBXShellScriptBuildPhase;
			buildActionMask = 2147483647;
			files = (
			);
			inputFileListPaths = (
			);
			inputPaths = (
				"${PODS_PODFILE_DIR_PATH}/Podfile.lock",
				"${PODS_ROOT}/Manifest.lock",
			);
			name = "[CP] Check Pods Manifest.lock";
			outputFileListPaths = (
			);
			outputPaths = (
				"$(DERIVED_FILE_DIR)/Pods-Ctavki-checkManifestLockResult.txt",
			);
			runOnlyForDeploymentPostprocessing = 0;
			shellPath = /bin/sh;
			shellScript = "diff \"${PODS_PODFILE_DIR_PATH}/Podfile.lock\" \"${PODS_ROOT}/Manifest.lock\" > /dev/null\nif [ $? != 0 ] ; then\n    # print error to STDERR\n    echo \"error: The sandbox is not in sync with the Podfile.lock. Run 'pod install' or update your CocoaPods installation.\" >&2\n    exit 1\nfi\n# This output is used by Xcode 'outputs' to avoid re-running this script phase.\necho \"SUCCESS\" > \"${SCRIPT_OUTPUT_FILE_0}\"\n";
			showEnvVarsInLog = 0;
		};
		C2FCCA0B51641698B92B18DC /* [CP] Embed Pods Frameworks */ = {
			isa = PBXShellScriptBuildPhase;
			buildActionMask = 2147483647;
			files = (
			);
			inputFileListPaths = (
				"${PODS_ROOT}/Target Support Files/Pods-Ctavki/Pods-Ctavki-frameworks-${CONFIGURATION}-input-files.xcfilelist",
			);
			name = "[CP] Embed Pods Frameworks";
			outputFileListPaths = (
				"${PODS_ROOT}/Target Support Files/Pods-Ctavki/Pods-Ctavki-frameworks-${CONFIGURATION}-output-files.xcfilelist",
			);
			runOnlyForDeploymentPostprocessing = 0;
			shellPath = /bin/sh;
			shellScript = "\"${PODS_ROOT}/Target Support Files/Pods-Ctavki/Pods-Ctavki-frameworks.sh\"\n";
			showEnvVarsInLog = 0;
		};
		F207047E2B87A00C00DD6364 /* Run Script R.Swift */ = {
			isa = PBXShellScriptBuildPhase;
			alwaysOutOfDate = 1;
			buildActionMask = 2147483647;
			files = (
			);
			inputFileListPaths = (
			);
			inputPaths = (
				"$TEMP_DIR/rswift-lastrun",
			);
			name = "Run Script R.Swift";
			outputFileListPaths = (
			);
			outputPaths = (
				$SRCROOT/$PRODUCT_MODULE_NAME/R.generated.swift,
			);
			runOnlyForDeploymentPostprocessing = 0;
			shellPath = /bin/sh;
			shellScript = "\"$PODS_ROOT/R.swift/rswift\" generate \"$SRCROOT/$PRODUCT_MODULE_NAME/R.generated.swift\"\n";
		};
/* End PBXShellScriptBuildPhase section */

/* Begin PBXSourcesBuildPhase section */
		F2FC03362B867809001C6BB3 /* Sources */ = {
			isa = PBXSourcesBuildPhase;
			buildActionMask = 2147483647;
			files = (
				F2973D242B9F7D45003612E1 /* TeamsService.swift in Sources */,
				F2DBFAEF2B8F7D7B00FC5069 /* Bet.swift in Sources */,
				F2218ACB2BA2FCD200C53C46 /* SignInVController.swift in Sources */,
				F2FC03422B867809001C6BB3 /* MainVController.swift in Sources */,
				F2218AD32BA3657500C53C46 /* Account.swift in Sources */,
				F2041A342B92335800DA42BB /* SyncService.swift in Sources */,
				F2EA78CE2B90935D006B3A1C /* String.swift in Sources */,
				F22CE0A22B87C5F900732FFB /* FaqVController.swift in Sources */,
				F22CE0A92B87DBB100732FFB /* ToolBarView.swift in Sources */,
				F22CE09C2B87BEDA00732FFB /* PicksVController.swift in Sources */,
				F209FBEF2BB576BD0043BCE2 /* GoogleAnaliticsService.swift in Sources */,
				F226F9FA2B9B8D0200F9D391 /* UITableView.swift in Sources */,
				F2EA78C82B908DA6006B3A1C /* BetType.swift in Sources */,
				F22CE0B32B88BE4D00732FFB /* VCFactory.swift in Sources */,
				F226FA072B9C76DA00F9D391 /* FaqService.swift in Sources */,
				F22CE0A02B87C5AF00732FFB /* PurchesVController.swift in Sources */,
				F2045F2D2BA7330300EA6A65 /* ForecastVController.swift in Sources */,
				F2EA78CC2B909122006B3A1C /* Faq.swift in Sources */,
				F2FD39122BC683AE0083F610 /* SecureStorage.swift in Sources */,
				F2EB1A352B9A11520027D782 /* UIViewController.swift in Sources */,
				F2045F312BA778B700EA6A65 /* ForecastService.swift in Sources */,
				F2EA78DC2B90CA29006B3A1C /* AppSettings.swift in Sources */,
				F2A016322B9E49CD00B532C1 /* TeamsView.swift in Sources */,
				F2041A322B91D05C00DA42BB /* Repository.swift in Sources */,
				F22CE0942B87B87400732FFB /* AppCoordinator.swift in Sources */,
				F2EA78CA2B908ED2006B3A1C /* Team.swift in Sources */,
				F2040C612B8C9D4700DE01CE /* MainCoordinator.swift in Sources */,
				F2DF9CAE2BA9C2F600898F4E /* PurchesService.swift in Sources */,
				F2DF9CB32BA9D8C600898F4E /* DonateCell.swift in Sources */,
				F226FA0C2B9CA14A00F9D391 /* FaqView.swift in Sources */,
				F2045F332BA7953400EA6A65 /* UIActivityIndicatorView.swift in Sources */,
				F2AF45652BBF2DD300D5EBCA /* UIPageViewController.swift in Sources */,
				F22CE0B52B88C20900732FFB /* TeamsFactory.swift in Sources */,
				F22CE0A72B87D3C100732FFB /* MenuButton.swift in Sources */,
				F22CE09E2B87C53700732FFB /* TeamsVController.swift in Sources */,
				F2AF45612BBEF15100D5EBCA /* ForecastPageVController.swift in Sources */,
				F2888DCE2B9B624C007F62F2 /* BetResultHeaderView.swift in Sources */,
				F2973D082B9EF96A003612E1 /* HistoryService.swift in Sources */,
				F2F9B4EA2BB2FE520087B333 /* PushService.swift in Sources */,
				F2EA78DE2B910013006B3A1C /* JSONWrapHelpers.swift in Sources */,
				F2C051342BAADDB00056FB75 /* IAPService.swift in Sources */,
				F22CE0BC2B88F0D200732FFB /* TourGuidVController.swift in Sources */,
				F2EA78D22B90ABD2006B3A1C /* NetProvider.swift in Sources */,
				F22CE0B72B88C28100732FFB /* PurchesFactory.swift in Sources */,
				F2973D052B9EEC2F003612E1 /* HistoryVController.swift in Sources */,
				F2973D122B9F4811003612E1 /* TeamView.swift in Sources */,
				F22CE0B92B88C2FD00732FFB /* FaqFactory.swift in Sources */,
				F22CE0AF2B889B8500732FFB /* UIView.swift in Sources */,
				F2EB1A322B9A11040027D782 /* BetDetailsVController.swift in Sources */,
				F2FC033E2B867809001C6BB3 /* AppDelegate.swift in Sources */,
				F2218ACF2BA3244E00C53C46 /* AccountService.swift in Sources */,
				F2218AD12BA3632C00C53C46 /* SignInOutResponseEntity.swift in Sources */,
				F251D6392B974EBD009ABC86 /* BetView.swift in Sources */,
				F226FA052B9C75AE00F9D391 /* FaqViewModel.swift in Sources */,
				F251D63B2B977389009ABC86 /* BetSectionHeaderView.swift in Sources */,
				F2A0163A2B9E6A1700B532C1 /* NoActivebetsCell.swift in Sources */,
				F291F13C2B9654CD00BB8E58 /* BetsCell.swift in Sources */,
				F2684E112BA61E6E00AB0FBF /* R.generated.swift in Sources */,
				F2EA78D52B90B60E006B3A1C /* BetOutcome.swift in Sources */,
				F291F1362B96250D00BB8E58 /* FeaureVController.swift in Sources */,
				F2DF9CC62BAA08D000898F4E /* SKProduct.swift in Sources */,
				F2EA78E02B9103F5006B3A1C /* ValueTypeExt.swift in Sources */,
				F291F1342B95F96C00BB8E58 /* NavigationTopBarView.swift in Sources */,
				F2EA78D72B90B97D006B3A1C /* AppUpdateAvailable.swift in Sources */,
				F2045F2F2BA7772700EA6A65 /* ForecastViewModel.swift in Sources */,
				F226FA0E2B9CC6A500F9D391 /* UIStackView.swift in Sources */,
				F2DF9CAA2BA86B5900898F4E /* Sequence.swift in Sources */,
				F291F1382B96355B00BB8E58 /* BetsService.swift in Sources */,
				F2EA78D02B90941D006B3A1C /* ApiResponseData.swift in Sources */,
				F2EA78D92B90C8B0006B3A1C /* ApiRequest.swift in Sources */,
				F22CE0B12B88BC6E00732FFB /* PicksFactory.swift in Sources */,
				F2973D162B9F5284003612E1 /* TeamsRowView.swift in Sources */,
			);
			runOnlyForDeploymentPostprocessing = 0;
		};
/* End PBXSourcesBuildPhase section */

/* Begin PBXVariantGroup section */
		F20704852B87A33800DD6364 /* Localizable.strings */ = {
			isa = PBXVariantGroup;
			children = (
				F20704842B87A33800DD6364 /* en */,
				F20704862B87A33A00DD6364 /* ru */,
				F252FA552BA099A200DD3241 /* uk */,
				F2AF45662BC1825700D5EBCA /* be */,
				F2AF45682BC182B800D5EBCA /* kk */,
				F2AF456A2BC1831100D5EBCA /* ky */,
				F2AF456C2BC186D300D5EBCA /* ka */,
			);
			name = Localizable.strings;
			sourceTree = "<group>";
		};
		F2A03FE62B98E9FA00494CD0 /* Localizable.stringsdict */ = {
			isa = PBXVariantGroup;
			children = (
				F2A03FE52B98E9FA00494CD0 /* en */,
				F2A03FE72B98E9FC00494CD0 /* ru */,
				F252FA562BA099A300DD3241 /* uk */,
				F2AF45672BC1825700D5EBCA /* be */,
				F2AF45692BC182B800D5EBCA /* kk */,
				F2AF456B2BC1831100D5EBCA /* ky */,
				F2AF456D2BC186D300D5EBCA /* ka */,
			);
			name = Localizable.stringsdict;
			sourceTree = "<group>";
		};
/* End PBXVariantGroup section */

/* Begin XCBuildConfiguration section */
		F2FC034C2B86780B001C6BB3 /* Debug */ = {
			isa = XCBuildConfiguration;
			buildSettings = {
				ALWAYS_SEARCH_USER_PATHS = NO;
				ASSETCATALOG_COMPILER_GENERATE_SWIFT_ASSET_SYMBOL_EXTENSIONS = YES;
				CLANG_ANALYZER_LOCALIZABILITY_NONLOCALIZED = YES;
				CLANG_ANALYZER_NONNULL = YES;
				CLANG_ANALYZER_NUMBER_OBJECT_CONVERSION = YES_AGGRESSIVE;
				CLANG_CXX_LANGUAGE_STANDARD = "gnu++20";
				CLANG_ENABLE_MODULES = YES;
				CLANG_ENABLE_OBJC_ARC = YES;
				CLANG_ENABLE_OBJC_WEAK = YES;
				CLANG_WARN_BLOCK_CAPTURE_AUTORELEASING = YES;
				CLANG_WARN_BOOL_CONVERSION = YES;
				CLANG_WARN_COMMA = YES;
				CLANG_WARN_CONSTANT_CONVERSION = YES;
				CLANG_WARN_DEPRECATED_OBJC_IMPLEMENTATIONS = YES;
				CLANG_WARN_DIRECT_OBJC_ISA_USAGE = YES_ERROR;
				CLANG_WARN_DOCUMENTATION_COMMENTS = YES;
				CLANG_WARN_EMPTY_BODY = YES;
				CLANG_WARN_ENUM_CONVERSION = YES;
				CLANG_WARN_INFINITE_RECURSION = YES;
				CLANG_WARN_INT_CONVERSION = YES;
				CLANG_WARN_NON_LITERAL_NULL_CONVERSION = YES;
				CLANG_WARN_OBJC_IMPLICIT_RETAIN_SELF = YES;
				CLANG_WARN_OBJC_LITERAL_CONVERSION = YES;
				CLANG_WARN_OBJC_ROOT_CLASS = YES_ERROR;
				CLANG_WARN_QUOTED_INCLUDE_IN_FRAMEWORK_HEADER = YES;
				CLANG_WARN_RANGE_LOOP_ANALYSIS = YES;
				CLANG_WARN_STRICT_PROTOTYPES = YES;
				CLANG_WARN_SUSPICIOUS_MOVE = YES;
				CLANG_WARN_UNGUARDED_AVAILABILITY = YES_AGGRESSIVE;
				CLANG_WARN_UNREACHABLE_CODE = YES;
				CLANG_WARN__DUPLICATE_METHOD_MATCH = YES;
				COPY_PHASE_STRIP = NO;
				DEBUG_INFORMATION_FORMAT = dwarf;
				ENABLE_STRICT_OBJC_MSGSEND = YES;
				ENABLE_TESTABILITY = YES;
				ENABLE_USER_SCRIPT_SANDBOXING = NO;
				GCC_C_LANGUAGE_STANDARD = gnu17;
				GCC_DYNAMIC_NO_PIC = NO;
				GCC_NO_COMMON_BLOCKS = YES;
				GCC_OPTIMIZATION_LEVEL = 0;
				GCC_PREPROCESSOR_DEFINITIONS = (
					"DEBUG=1",
					"$(inherited)",
				);
				GCC_WARN_64_TO_32_BIT_CONVERSION = YES;
				GCC_WARN_ABOUT_RETURN_TYPE = YES_ERROR;
				GCC_WARN_UNDECLARED_SELECTOR = YES;
				GCC_WARN_UNINITIALIZED_AUTOS = YES_AGGRESSIVE;
				GCC_WARN_UNUSED_FUNCTION = YES;
				GCC_WARN_UNUSED_VARIABLE = YES;
				IPHONEOS_DEPLOYMENT_TARGET = 12.0;
				LOCALIZATION_PREFERS_STRING_CATALOGS = YES;
				MTL_ENABLE_DEBUG_INFO = INCLUDE_SOURCE;
				MTL_FAST_MATH = YES;
				ONLY_ACTIVE_ARCH = YES;
				SDKROOT = iphoneos;
				SWIFT_ACTIVE_COMPILATION_CONDITIONS = "DEBUG $(inherited)";
				SWIFT_OPTIMIZATION_LEVEL = "-Onone";
			};
			name = Debug;
		};
		F2FC034D2B86780B001C6BB3 /* Release */ = {
			isa = XCBuildConfiguration;
			buildSettings = {
				ALWAYS_SEARCH_USER_PATHS = NO;
				ASSETCATALOG_COMPILER_GENERATE_SWIFT_ASSET_SYMBOL_EXTENSIONS = YES;
				CLANG_ANALYZER_LOCALIZABILITY_NONLOCALIZED = YES;
				CLANG_ANALYZER_NONNULL = YES;
				CLANG_ANALYZER_NUMBER_OBJECT_CONVERSION = YES_AGGRESSIVE;
				CLANG_CXX_LANGUAGE_STANDARD = "gnu++20";
				CLANG_ENABLE_MODULES = YES;
				CLANG_ENABLE_OBJC_ARC = YES;
				CLANG_ENABLE_OBJC_WEAK = YES;
				CLANG_WARN_BLOCK_CAPTURE_AUTORELEASING = YES;
				CLANG_WARN_BOOL_CONVERSION = YES;
				CLANG_WARN_COMMA = YES;
				CLANG_WARN_CONSTANT_CONVERSION = YES;
				CLANG_WARN_DEPRECATED_OBJC_IMPLEMENTATIONS = YES;
				CLANG_WARN_DIRECT_OBJC_ISA_USAGE = YES_ERROR;
				CLANG_WARN_DOCUMENTATION_COMMENTS = YES;
				CLANG_WARN_EMPTY_BODY = YES;
				CLANG_WARN_ENUM_CONVERSION = YES;
				CLANG_WARN_INFINITE_RECURSION = YES;
				CLANG_WARN_INT_CONVERSION = YES;
				CLANG_WARN_NON_LITERAL_NULL_CONVERSION = YES;
				CLANG_WARN_OBJC_IMPLICIT_RETAIN_SELF = YES;
				CLANG_WARN_OBJC_LITERAL_CONVERSION = YES;
				CLANG_WARN_OBJC_ROOT_CLASS = YES_ERROR;
				CLANG_WARN_QUOTED_INCLUDE_IN_FRAMEWORK_HEADER = YES;
				CLANG_WARN_RANGE_LOOP_ANALYSIS = YES;
				CLANG_WARN_STRICT_PROTOTYPES = YES;
				CLANG_WARN_SUSPICIOUS_MOVE = YES;
				CLANG_WARN_UNGUARDED_AVAILABILITY = YES_AGGRESSIVE;
				CLANG_WARN_UNREACHABLE_CODE = YES;
				CLANG_WARN__DUPLICATE_METHOD_MATCH = YES;
				COPY_PHASE_STRIP = NO;
				DEBUG_INFORMATION_FORMAT = "dwarf-with-dsym";
				ENABLE_NS_ASSERTIONS = NO;
				ENABLE_STRICT_OBJC_MSGSEND = YES;
				ENABLE_USER_SCRIPT_SANDBOXING = NO;
				GCC_C_LANGUAGE_STANDARD = gnu17;
				GCC_NO_COMMON_BLOCKS = YES;
				GCC_WARN_64_TO_32_BIT_CONVERSION = YES;
				GCC_WARN_ABOUT_RETURN_TYPE = YES_ERROR;
				GCC_WARN_UNDECLARED_SELECTOR = YES;
				GCC_WARN_UNINITIALIZED_AUTOS = YES_AGGRESSIVE;
				GCC_WARN_UNUSED_FUNCTION = YES;
				GCC_WARN_UNUSED_VARIABLE = YES;
				IPHONEOS_DEPLOYMENT_TARGET = 12.0;
				LOCALIZATION_PREFERS_STRING_CATALOGS = YES;
				MTL_ENABLE_DEBUG_INFO = NO;
				MTL_FAST_MATH = YES;
				SDKROOT = iphoneos;
				SWIFT_COMPILATION_MODE = wholemodule;
				VALIDATE_PRODUCT = YES;
			};
			name = Release;
		};
		F2FC034F2B86780B001C6BB3 /* Debug */ = {
			isa = XCBuildConfiguration;
			baseConfigurationReference = C5DFF97B211BE18E1EAA5C25 /* Pods-Ctavki.debug.xcconfig */;
			buildSettings = {
				ASSETCATALOG_COMPILER_APPICON_NAME = AppIcon;
				ASSETCATALOG_COMPILER_GLOBAL_ACCENT_COLOR_NAME = AccentColor;
				CODE_SIGN_ENTITLEMENTS = Ctavki/Ctavki.entitlements;
				CODE_SIGN_STYLE = Automatic;
				CURRENT_PROJECT_VERSION = 39;
				DEVELOPMENT_TEAM = W6M6ZN9G8F;
				GENERATE_INFOPLIST_FILE = YES;
				INFOPLIST_FILE = App/Info.plist;
				INFOPLIST_KEY_CFBundleDisplayName = "Ctavki - прогнозы на футбол!";
				INFOPLIST_KEY_LSApplicationCategoryType = "public.app-category.sports";
				INFOPLIST_KEY_UIApplicationSupportsIndirectInputEvents = YES;
				INFOPLIST_KEY_UILaunchStoryboardName = LaunchScreen;
				INFOPLIST_KEY_UISupportedInterfaceOrientations = UIInterfaceOrientationPortrait;
				IPHONEOS_DEPLOYMENT_TARGET = 12.0;
				LD_RUNPATH_SEARCH_PATHS = (
					"$(inherited)",
					"@executable_path/Frameworks",
				);
				MARKETING_VERSION = 1.0.1;
				PRODUCT_BUNDLE_IDENTIFIER = com.ctavki.football.forecast;
				PRODUCT_NAME = "$(TARGET_NAME)";
				SWIFT_EMIT_LOC_STRINGS = YES;
				SWIFT_VERSION = 5.0;
				TARGETED_DEVICE_FAMILY = 1;
			};
			name = Debug;
		};
		F2FC03502B86780B001C6BB3 /* Release */ = {
			isa = XCBuildConfiguration;
			baseConfigurationReference = 29006E9B4812ADFD1289B7FF /* Pods-Ctavki.release.xcconfig */;
			buildSettings = {
				ASSETCATALOG_COMPILER_APPICON_NAME = AppIcon;
				ASSETCATALOG_COMPILER_GLOBAL_ACCENT_COLOR_NAME = AccentColor;
				CODE_SIGN_ENTITLEMENTS = Ctavki/Ctavki.entitlements;
				CODE_SIGN_STYLE = Automatic;
				CURRENT_PROJECT_VERSION = 39;
				DEVELOPMENT_TEAM = W6M6ZN9G8F;
				GENERATE_INFOPLIST_FILE = YES;
				INFOPLIST_FILE = App/Info.plist;
				INFOPLIST_KEY_CFBundleDisplayName = "Ctavki - прогнозы на футбол!";
				INFOPLIST_KEY_LSApplicationCategoryType = "public.app-category.sports";
				INFOPLIST_KEY_UIApplicationSupportsIndirectInputEvents = YES;
				INFOPLIST_KEY_UILaunchStoryboardName = LaunchScreen;
				INFOPLIST_KEY_UISupportedInterfaceOrientations = UIInterfaceOrientationPortrait;
				IPHONEOS_DEPLOYMENT_TARGET = 12.0;
				LD_RUNPATH_SEARCH_PATHS = (
					"$(inherited)",
					"@executable_path/Frameworks",
				);
				MARKETING_VERSION = 1.0.1;
				PRODUCT_BUNDLE_IDENTIFIER = com.ctavki.football.forecast;
				PRODUCT_NAME = "$(TARGET_NAME)";
				SWIFT_EMIT_LOC_STRINGS = YES;
				SWIFT_VERSION = 5.0;
				TARGETED_DEVICE_FAMILY = 1;
			};
			name = Release;
		};
/* End XCBuildConfiguration section */

/* Begin XCConfigurationList section */
		F2FC03352B867809001C6BB3 /* Build configuration list for PBXProject "Ctavki" */ = {
			isa = XCConfigurationList;
			buildConfigurations = (
				F2FC034C2B86780B001C6BB3 /* Debug */,
				F2FC034D2B86780B001C6BB3 /* Release */,
			);
			defaultConfigurationIsVisible = 0;
			defaultConfigurationName = Release;
		};
		F2FC034E2B86780B001C6BB3 /* Build configuration list for PBXNativeTarget "Ctavki" */ = {
			isa = XCConfigurationList;
			buildConfigurations = (
				F2FC034F2B86780B001C6BB3 /* Debug */,
				F2FC03502B86780B001C6BB3 /* Release */,
			);
			defaultConfigurationIsVisible = 0;
			defaultConfigurationName = Release;
		};
/* End XCConfigurationList section */
	};
	rootObject = F2FC03322B867809001C6BB3 /* Project object */;
}
